// !$*UTF8*$!
{
	archiveVersion = 1;
	classes = {
	};
	objectVersion = 56;
	objects = {

/* Begin PBXBuildFile section */
		C89053082A7A4E020028F0D9 /* main.swift in Sources */ = {isa = PBXBuildFile; fileRef = C89053072A7A4E020028F0D9 /* main.swift */; };
		C89053142A7A53450028F0D9 /* AppDelegate.swift in Sources */ = {isa = PBXBuildFile; fileRef = C89053132A7A53450028F0D9 /* AppDelegate.swift */; };
		C89053162A7A53450028F0D9 /* ViewController.swift in Sources */ = {isa = PBXBuildFile; fileRef = C89053152A7A53450028F0D9 /* ViewController.swift */; };
		C89053182A7A53460028F0D9 /* Assets.xcassets in Resources */ = {isa = PBXBuildFile; fileRef = C89053172A7A53460028F0D9 /* Assets.xcassets */; };
		C890531B2A7A53460028F0D9 /* Main.storyboard in Resources */ = {isa = PBXBuildFile; fileRef = C89053192A7A53460028F0D9 /* Main.storyboard */; };
/* End PBXBuildFile section */

/* Begin PBXCopyFilesBuildPhase section */
		C89053032A7A4E020028F0D9 /* CopyFiles */ = {
			isa = PBXCopyFilesBuildPhase;
			buildActionMask = 2147483647;
			dstPath = /usr/share/man/man1/;
			dstSubfolderSpec = 0;
			files = (
			);
			runOnlyForDeploymentPostprocessing = 1;
		};
/* End PBXCopyFilesBuildPhase section */

/* Begin PBXFileReference section */
		C89052F42A7A4DE50028F0D9 /* AppDelegate.swift */ = {isa = PBXFileReference; lastKnownFileType = sourcecode.swift; path = AppDelegate.swift; sourceTree = "<group>"; };
		C89052F62A7A4DE60028F0D9 /* Assets.xcassets */ = {isa = PBXFileReference; lastKnownFileType = folder.assetcatalog; path = Assets.xcassets; sourceTree = "<group>"; };
		C89052F92A7A4DE60028F0D9 /* Base */ = {isa = PBXFileReference; lastKnownFileType = file.xib; name = Base; path = Base.lproj/MainMenu.xib; sourceTree = "<group>"; };
		C89052FB2A7A4DE60028F0D9 /* Example.entitlements */ = {isa = PBXFileReference; lastKnownFileType = text.plist.entitlements; path = Example.entitlements; sourceTree = "<group>"; };
		C89053052A7A4E020028F0D9 /* Launcher */ = {isa = PBXFileReference; explicitFileType = "compiled.mach-o.executable"; includeInIndex = 0; path = Launcher; sourceTree = BUILT_PRODUCTS_DIR; };
		C89053072A7A4E020028F0D9 /* main.swift */ = {isa = PBXFileReference; lastKnownFileType = sourcecode.swift; path = main.swift; sourceTree = "<group>"; };
		C890530C2A7A4F660028F0D9 /* com.intii.example.mach.service.name.plist */ = {isa = PBXFileReference; lastKnownFileType = text.plist.xml; path = com.intii.example.mach.service.name.plist; sourceTree = "<group>"; };
		C89053112A7A53450028F0D9 /* Scroll.app */ = {isa = PBXFileReference; explicitFileType = wrapper.application; includeInIndex = 0; path = Scroll.app; sourceTree = BUILT_PRODUCTS_DIR; };
		C89053132A7A53450028F0D9 /* AppDelegate.swift */ = {isa = PBXFileReference; lastKnownFileType = sourcecode.swift; path = AppDelegate.swift; sourceTree = "<group>"; };
		C89053152A7A53450028F0D9 /* ViewController.swift */ = {isa = PBXFileReference; lastKnownFileType = sourcecode.swift; path = ViewController.swift; sourceTree = "<group>"; };
		C89053172A7A53460028F0D9 /* Assets.xcassets */ = {isa = PBXFileReference; lastKnownFileType = folder.assetcatalog; path = Assets.xcassets; sourceTree = "<group>"; };
		C890531A2A7A53460028F0D9 /* Base */ = {isa = PBXFileReference; lastKnownFileType = file.storyboard; name = Base; path = Base.lproj/Main.storyboard; sourceTree = "<group>"; };
		C890531C2A7A53460028F0D9 /* Scroll.entitlements */ = {isa = PBXFileReference; lastKnownFileType = text.plist.entitlements; path = Scroll.entitlements; sourceTree = "<group>"; };
		C89053202A7A59B60028F0D9 /* Launcher.entitlements */ = {isa = PBXFileReference; lastKnownFileType = text.plist.entitlements; path = Launcher.entitlements; sourceTree = "<group>"; };
/* End PBXFileReference section */

/* Begin PBXFrameworksBuildPhase section */
		C89053022A7A4E020028F0D9 /* Frameworks */ = {
			isa = PBXFrameworksBuildPhase;
			buildActionMask = 2147483647;
			files = (
			);
			runOnlyForDeploymentPostprocessing = 0;
		};
		C890530E2A7A53450028F0D9 /* Frameworks */ = {
			isa = PBXFrameworksBuildPhase;
			buildActionMask = 2147483647;
			files = (
			);
			runOnlyForDeploymentPostprocessing = 0;
		};
/* End PBXFrameworksBuildPhase section */

/* Begin PBXGroup section */
		C89052E82A7A4DE50028F0D9 = {
			isa = PBXGroup;
			children = (
				C890530C2A7A4F660028F0D9 /* com.intii.example.mach.service.name.plist */,
				C89052F32A7A4DE50028F0D9 /* Example */,
				C89053062A7A4E020028F0D9 /* Launcher */,
				C89053122A7A53450028F0D9 /* Scroll */,
				C89052F22A7A4DE50028F0D9 /* Products */,
			);
			sourceTree = "<group>";
		};
		C89052F22A7A4DE50028F0D9 /* Products */ = {
			isa = PBXGroup;
			children = (
				C89053052A7A4E020028F0D9 /* Launcher */,
				C89053112A7A53450028F0D9 /* Scroll.app */,
			);
			name = Products;
			sourceTree = "<group>";
		};
		C89052F32A7A4DE50028F0D9 /* Example */ = {
			isa = PBXGroup;
			children = (
				C89052F42A7A4DE50028F0D9 /* AppDelegate.swift */,
				C89052F62A7A4DE60028F0D9 /* Assets.xcassets */,
				C89052F82A7A4DE60028F0D9 /* MainMenu.xib */,
				C89052FB2A7A4DE60028F0D9 /* Example.entitlements */,
			);
			path = Example;
			sourceTree = "<group>";
		};
		C89053062A7A4E020028F0D9 /* Launcher */ = {
			isa = PBXGroup;
			children = (
				C89053202A7A59B60028F0D9 /* Launcher.entitlements */,
				C89053072A7A4E020028F0D9 /* main.swift */,
			);
			path = Launcher;
			sourceTree = "<group>";
		};
		C89053122A7A53450028F0D9 /* Scroll */ = {
			isa = PBXGroup;
			children = (
				C89053132A7A53450028F0D9 /* AppDelegate.swift */,
				C89053152A7A53450028F0D9 /* ViewController.swift */,
				C89053172A7A53460028F0D9 /* Assets.xcassets */,
				C89053192A7A53460028F0D9 /* Main.storyboard */,
				C890531C2A7A53460028F0D9 /* Scroll.entitlements */,
			);
			path = Scroll;
			sourceTree = "<group>";
		};
/* End PBXGroup section */

/* Begin PBXNativeTarget section */
		C89053042A7A4E020028F0D9 /* Launcher */ = {
			isa = PBXNativeTarget;
			buildConfigurationList = C89053092A7A4E020028F0D9 /* Build configuration list for PBXNativeTarget "Launcher" */;
			buildPhases = (
				C89053012A7A4E020028F0D9 /* Sources */,
				C89053022A7A4E020028F0D9 /* Frameworks */,
				C89053032A7A4E020028F0D9 /* CopyFiles */,
			);
			buildRules = (
			);
			dependencies = (
			);
			name = Launcher;
			productName = Launcher;
			productReference = C89053052A7A4E020028F0D9 /* Launcher */;
			productType = "com.apple.product-type.tool";
		};
		C89053102A7A53450028F0D9 /* Scroll */ = {
			isa = PBXNativeTarget;
			buildConfigurationList = C890531D2A7A53460028F0D9 /* Build configuration list for PBXNativeTarget "Scroll" */;
			buildPhases = (
				C890530D2A7A53450028F0D9 /* Sources */,
				C890530E2A7A53450028F0D9 /* Frameworks */,
				C890530F2A7A53450028F0D9 /* Resources */,
			);
			buildRules = (
			);
			dependencies = (
			);
			name = Scroll;
			productName = Scroll;
			productReference = C89053112A7A53450028F0D9 /* Scroll.app */;
			productType = "com.apple.product-type.application";
		};
/* End PBXNativeTarget section */

/* Begin PBXProject section */
		C89052E92A7A4DE50028F0D9 /* Project object */ = {
			isa = PBXProject;
			attributes = {
				BuildIndependentTargetsInParallel = 1;
				LastSwiftUpdateCheck = 1430;
				LastUpgradeCheck = 1430;
				TargetAttributes = {
					C89053042A7A4E020028F0D9 = {
						CreatedOnToolsVersion = 14.3.1;
					};
					C89053102A7A53450028F0D9 = {
						CreatedOnToolsVersion = 14.3.1;
					};
				};
			};
			buildConfigurationList = C89052EC2A7A4DE50028F0D9 /* Build configuration list for PBXProject "Example" */;
			compatibilityVersion = "Xcode 14.0";
			developmentRegion = en;
			hasScannedForEncodings = 0;
			knownRegions = (
				en,
				Base,
			);
			mainGroup = C89052E82A7A4DE50028F0D9;
			productRefGroup = C89052F22A7A4DE50028F0D9 /* Products */;
			projectDirPath = "";
			projectRoot = "";
			targets = (
				C89053042A7A4E020028F0D9 /* Launcher */,
				C89053102A7A53450028F0D9 /* Scroll */,
			);
		};
/* End PBXProject section */

/* Begin PBXResourcesBuildPhase section */
		C890530F2A7A53450028F0D9 /* Resources */ = {
			isa = PBXResourcesBuildPhase;
			buildActionMask = 2147483647;
			files = (
				C89053182A7A53460028F0D9 /* Assets.xcassets in Resources */,
				C890531B2A7A53460028F0D9 /* Main.storyboard in Resources */,
			);
			runOnlyForDeploymentPostprocessing = 0;
		};
/* End PBXResourcesBuildPhase section */

/* Begin PBXSourcesBuildPhase section */
		C89053012A7A4E020028F0D9 /* Sources */ = {
			isa = PBXSourcesBuildPhase;
			buildActionMask = 2147483647;
			files = (
				C89053082A7A4E020028F0D9 /* main.swift in Sources */,
			);
			runOnlyForDeploymentPostprocessing = 0;
		};
		C890530D2A7A53450028F0D9 /* Sources */ = {
			isa = PBXSourcesBuildPhase;
			buildActionMask = 2147483647;
			files = (
				C89053162A7A53450028F0D9 /* ViewController.swift in Sources */,
				C89053142A7A53450028F0D9 /* AppDelegate.swift in Sources */,
			);
			runOnlyForDeploymentPostprocessing = 0;
		};
/* End PBXSourcesBuildPhase section */

/* Begin PBXVariantGroup section */
		C89052F82A7A4DE60028F0D9 /* MainMenu.xib */ = {
			isa = PBXVariantGroup;
			children = (
				C89052F92A7A4DE60028F0D9 /* Base */,
			);
			name = MainMenu.xib;
			sourceTree = "<group>";
		};
		C89053192A7A53460028F0D9 /* Main.storyboard */ = {
			isa = PBXVariantGroup;
			children = (
				C890531A2A7A53460028F0D9 /* Base */,
			);
			name = Main.storyboard;
			sourceTree = "<group>";
		};
/* End PBXVariantGroup section */

/* Begin XCBuildConfiguration section */
		C89052FC2A7A4DE60028F0D9 /* Debug */ = {
			isa = XCBuildConfiguration;
			buildSettings = {
				ALWAYS_SEARCH_USER_PATHS = NO;
				CLANG_ANALYZER_NONNULL = YES;
				CLANG_ANALYZER_NUMBER_OBJECT_CONVERSION = YES_AGGRESSIVE;
				CLANG_CXX_LANGUAGE_STANDARD = "gnu++20";
				CLANG_ENABLE_MODULES = YES;
				CLANG_ENABLE_OBJC_ARC = YES;
				CLANG_ENABLE_OBJC_WEAK = YES;
				CLANG_WARN_BLOCK_CAPTURE_AUTORELEASING = YES;
				CLANG_WARN_BOOL_CONVERSION = YES;
				CLANG_WARN_COMMA = YES;
				CLANG_WARN_CONSTANT_CONVERSION = YES;
				CLANG_WARN_DEPRECATED_OBJC_IMPLEMENTATIONS = YES;
				CLANG_WARN_DIRECT_OBJC_ISA_USAGE = YES_ERROR;
				CLANG_WARN_DOCUMENTATION_COMMENTS = YES;
				CLANG_WARN_EMPTY_BODY = YES;
				CLANG_WARN_ENUM_CONVERSION = YES;
				CLANG_WARN_INFINITE_RECURSION = YES;
				CLANG_WARN_INT_CONVERSION = YES;
				CLANG_WARN_NON_LITERAL_NULL_CONVERSION = YES;
				CLANG_WARN_OBJC_IMPLICIT_RETAIN_SELF = YES;
				CLANG_WARN_OBJC_LITERAL_CONVERSION = YES;
				CLANG_WARN_OBJC_ROOT_CLASS = YES_ERROR;
				CLANG_WARN_QUOTED_INCLUDE_IN_FRAMEWORK_HEADER = YES;
				CLANG_WARN_RANGE_LOOP_ANALYSIS = YES;
				CLANG_WARN_STRICT_PROTOTYPES = YES;
				CLANG_WARN_SUSPICIOUS_MOVE = YES;
				CLANG_WARN_UNGUARDED_AVAILABILITY = YES_AGGRESSIVE;
				CLANG_WARN_UNREACHABLE_CODE = YES;
				CLANG_WARN__DUPLICATE_METHOD_MATCH = YES;
				COPY_PHASE_STRIP = NO;
				DEBUG_INFORMATION_FORMAT = dwarf;
				ENABLE_STRICT_OBJC_MSGSEND = YES;
				ENABLE_TESTABILITY = YES;
				GCC_C_LANGUAGE_STANDARD = gnu11;
				GCC_DYNAMIC_NO_PIC = NO;
				GCC_NO_COMMON_BLOCKS = YES;
				GCC_OPTIMIZATION_LEVEL = 0;
				GCC_PREPROCESSOR_DEFINITIONS = (
					"DEBUG=1",
					"$(inherited)",
				);
				GCC_WARN_64_TO_32_BIT_CONVERSION = YES;
				GCC_WARN_ABOUT_RETURN_TYPE = YES_ERROR;
				GCC_WARN_UNDECLARED_SELECTOR = YES;
				GCC_WARN_UNINITIALIZED_AUTOS = YES_AGGRESSIVE;
				GCC_WARN_UNUSED_FUNCTION = YES;
				GCC_WARN_UNUSED_VARIABLE = YES;
				MACOSX_DEPLOYMENT_TARGET = 13.3;
				MTL_ENABLE_DEBUG_INFO = INCLUDE_SOURCE;
				MTL_FAST_MATH = YES;
				ONLY_ACTIVE_ARCH = YES;
				SDKROOT = macosx;
				SWIFT_ACTIVE_COMPILATION_CONDITIONS = DEBUG;
				SWIFT_OPTIMIZATION_LEVEL = "-Onone";
			};
			name = Debug;
		};
		C89052FD2A7A4DE60028F0D9 /* Release */ = {
			isa = XCBuildConfiguration;
			buildSettings = {
				ALWAYS_SEARCH_USER_PATHS = NO;
				CLANG_ANALYZER_NONNULL = YES;
				CLANG_ANALYZER_NUMBER_OBJECT_CONVERSION = YES_AGGRESSIVE;
				CLANG_CXX_LANGUAGE_STANDARD = "gnu++20";
				CLANG_ENABLE_MODULES = YES;
				CLANG_ENABLE_OBJC_ARC = YES;
				CLANG_ENABLE_OBJC_WEAK = YES;
				CLANG_WARN_BLOCK_CAPTURE_AUTORELEASING = YES;
				CLANG_WARN_BOOL_CONVERSION = YES;
				CLANG_WARN_COMMA = YES;
				CLANG_WARN_CONSTANT_CONVERSION = YES;
				CLANG_WARN_DEPRECATED_OBJC_IMPLEMENTATIONS = YES;
				CLANG_WARN_DIRECT_OBJC_ISA_USAGE = YES_ERROR;
				CLANG_WARN_DOCUMENTATION_COMMENTS = YES;
				CLANG_WARN_EMPTY_BODY = YES;
				CLANG_WARN_ENUM_CONVERSION = YES;
				CLANG_WARN_INFINITE_RECURSION = YES;
				CLANG_WARN_INT_CONVERSION = YES;
				CLANG_WARN_NON_LITERAL_NULL_CONVERSION = YES;
				CLANG_WARN_OBJC_IMPLICIT_RETAIN_SELF = YES;
				CLANG_WARN_OBJC_LITERAL_CONVERSION = YES;
				CLANG_WARN_OBJC_ROOT_CLASS = YES_ERROR;
				CLANG_WARN_QUOTED_INCLUDE_IN_FRAMEWORK_HEADER = YES;
				CLANG_WARN_RANGE_LOOP_ANALYSIS = YES;
				CLANG_WARN_STRICT_PROTOTYPES = YES;
				CLANG_WARN_SUSPICIOUS_MOVE = YES;
				CLANG_WARN_UNGUARDED_AVAILABILITY = YES_AGGRESSIVE;
				CLANG_WARN_UNREACHABLE_CODE = YES;
				CLANG_WARN__DUPLICATE_METHOD_MATCH = YES;
				COPY_PHASE_STRIP = NO;
				DEBUG_INFORMATION_FORMAT = "dwarf-with-dsym";
				ENABLE_NS_ASSERTIONS = NO;
				ENABLE_STRICT_OBJC_MSGSEND = YES;
				GCC_C_LANGUAGE_STANDARD = gnu11;
				GCC_NO_COMMON_BLOCKS = YES;
				GCC_WARN_64_TO_32_BIT_CONVERSION = YES;
				GCC_WARN_ABOUT_RETURN_TYPE = YES_ERROR;
				GCC_WARN_UNDECLARED_SELECTOR = YES;
				GCC_WARN_UNINITIALIZED_AUTOS = YES_AGGRESSIVE;
				GCC_WARN_UNUSED_FUNCTION = YES;
				GCC_WARN_UNUSED_VARIABLE = YES;
				MACOSX_DEPLOYMENT_TARGET = 13.3;
				MTL_ENABLE_DEBUG_INFO = NO;
				MTL_FAST_MATH = YES;
				SDKROOT = macosx;
				SWIFT_COMPILATION_MODE = wholemodule;
				SWIFT_OPTIMIZATION_LEVEL = "-O";
			};
			name = Release;
		};
		C890530A2A7A4E020028F0D9 /* Debug */ = {
			isa = XCBuildConfiguration;
			buildSettings = {
				CODE_SIGN_ENTITLEMENTS = Launcher/Launcher.entitlements;
				CODE_SIGN_STYLE = Automatic;
				DEVELOPMENT_TEAM = 5YKZ4Y3DAW;
				ENABLE_HARDENED_RUNTIME = NO;
				PRODUCT_NAME = "$(TARGET_NAME)";
				SWIFT_VERSION = 5.0;
			};
			name = Debug;
		};
		C890530B2A7A4E020028F0D9 /* Release */ = {
			isa = XCBuildConfiguration;
			buildSettings = {
				CODE_SIGN_ENTITLEMENTS = Launcher/Launcher.entitlements;
				CODE_SIGN_STYLE = Automatic;
				DEVELOPMENT_TEAM = 5YKZ4Y3DAW;
				ENABLE_HARDENED_RUNTIME = NO;
				PRODUCT_NAME = "$(TARGET_NAME)";
				SWIFT_VERSION = 5.0;
			};
			name = Release;
		};
		C890531E2A7A53460028F0D9 /* Debug */ = {
			isa = XCBuildConfiguration;
			buildSettings = {
				ASSETCATALOG_COMPILER_APPICON_NAME = AppIcon;
				ASSETCATALOG_COMPILER_GLOBAL_ACCENT_COLOR_NAME = AccentColor;
				CODE_SIGN_ENTITLEMENTS = Scroll/Scroll.entitlements;
				CODE_SIGN_STYLE = Automatic;
				COMBINE_HIDPI_IMAGES = YES;
				CURRENT_PROJECT_VERSION = 1;
				DEVELOPMENT_TEAM = 5YKZ4Y3DAW;
				ENABLE_HARDENED_RUNTIME = YES;
				GENERATE_INFOPLIST_FILE = YES;
				INFOPLIST_KEY_NSHumanReadableCopyright = "";
				INFOPLIST_KEY_NSMainStoryboardFile = Main;
				INFOPLIST_KEY_NSPrincipalClass = NSApplication;
				LD_RUNPATH_SEARCH_PATHS = (
					"$(inherited)",
					"@executable_path/../Frameworks",
				);
				MARKETING_VERSION = 1.0;
				PRODUCT_BUNDLE_IDENTIFIER = com.intii.SlowScrollView.Scroll;
				PRODUCT_NAME = "$(TARGET_NAME)";
				SWIFT_EMIT_LOC_STRINGS = YES;
				SWIFT_VERSION = 5.0;
			};
			name = Debug;
		};
		C890531F2A7A53460028F0D9 /* Release */ = {
			isa = XCBuildConfiguration;
			buildSettings = {
				ASSETCATALOG_COMPILER_APPICON_NAME = AppIcon;
				ASSETCATALOG_COMPILER_GLOBAL_ACCENT_COLOR_NAME = AccentColor;
				CODE_SIGN_ENTITLEMENTS = Scroll/Scroll.entitlements;
				CODE_SIGN_STYLE = Automatic;
				COMBINE_HIDPI_IMAGES = YES;
				CURRENT_PROJECT_VERSION = 1;
				DEVELOPMENT_TEAM = 5YKZ4Y3DAW;
				ENABLE_HARDENED_RUNTIME = YES;
				GENERATE_INFOPLIST_FILE = YES;
				INFOPLIST_KEY_NSHumanReadableCopyright = "";
				INFOPLIST_KEY_NSMainStoryboardFile = Main;
				INFOPLIST_KEY_NSPrincipalClass = NSApplication;
				LD_RUNPATH_SEARCH_PATHS = (
					"$(inherited)",
					"@executable_path/../Frameworks",
				);
				MARKETING_VERSION = 1.0;
				PRODUCT_BUNDLE_IDENTIFIER = com.intii.SlowScrollView.Scroll;
				PRODUCT_NAME = "$(TARGET_NAME)";
				SWIFT_EMIT_LOC_STRINGS = YES;
				SWIFT_VERSION = 5.0;
			};
			name = Release;
		};
/* End XCBuildConfiguration section */

/* Begin XCConfigurationList section */
		C89052EC2A7A4DE50028F0D9 /* Build configuration list for PBXProject "Example" */ = {
			isa = XCConfigurationList;
			buildConfigurations = (
				C89052FC2A7A4DE60028F0D9 /* Debug */,
				C89052FD2A7A4DE60028F0D9 /* Release */,
			);
			defaultConfigurationIsVisible = 0;
			defaultConfigurationName = Release;
		};
		C89053092A7A4E020028F0D9 /* Build configuration list for PBXNativeTarget "Launcher" */ = {
			isa = XCConfigurationList;
			buildConfigurations = (
				C890530A2A7A4E020028F0D9 /* Debug */,
				C890530B2A7A4E020028F0D9 /* Release */,
			);
			defaultConfigurationIsVisible = 0;
			defaultConfigurationName = Release;
		};
		C890531D2A7A53460028F0D9 /* Build configuration list for PBXNativeTarget "Scroll" */ = {
			isa = XCConfigurationList;
			buildConfigurations = (
				C890531E2A7A53460028F0D9 /* Debug */,
				C890531F2A7A53460028F0D9 /* Release */,
			);
			defaultConfigurationIsVisible = 0;
			defaultConfigurationName = Release;
		};
/* End XCConfigurationList section */
	};
	rootObject = C89052E92A7A4DE50028F0D9 /* Project object */;
}
